
Microsoft Visual Studio Solution File, Format Version 12.00
# Visual Studio Version 17
VisualStudioVersion = 17.14.36804.6 d17.14
MinimumVisualStudioVersion = 10.0.40219.1
Project("{FAE04EC0-301F-11D3-BF4B-00C04F79EFBC}") = "TypeCastingEx", "TypeCastingEx\TypeCastingEx.csproj", "{2D6E6767-7E5E-499C-A74C-AD2FD0646AC9}"
EndProject
Global
	GlobalSection(SolutionConfigurationPlatforms) = preSolution
		Debug|Any CPU = Debug|Any CPU
		Release|Any CPU = Release|Any CPU
	EndGlobalSection
	GlobalSection(ProjectConfigurationPlatforms) = postSolution
		{2D6E6767-7E5E-499C-A74C-AD2FD0646AC9}.Debug|Any CPU.ActiveCfg = Debug|Any CPU
		{2D6E6767-7E5E-499C-A74C-AD2FD0646AC9}.Debug|Any CPU.Build.0 = Debug|Any CPU
		{2D6E6767-7E5E-499C-A74C-AD2FD0646AC9}.Release|Any CPU.ActiveCfg = Release|Any CPU
		{2D6E6767-7E5E-499C-A74C-AD2FD0646AC9}.Release|Any CPU.Build.0 = Release|Any CPU
	EndGlobalSection
	GlobalSection(SolutionProperties) = preSolution
		HideSolutionNode = FALSE
	EndGlobalSection
	GlobalSection(ExtensibilityGlobals) = postSolution
		SolutionGuid = {A8F6367E-019D-462B-973B-77DBF4C96172}
	EndGlobalSection
EndGlobal
