
Microsoft Visual Studio Solution File, Format Version 12.00
# Visual Studio Version 17
VisualStudioVersion = 17.14.36804.6 d17.14
MinimumVisualStudioVersion = 10.0.40219.1
Project("{FAE04EC0-301F-11D3-BF4B-00C04F79EFBC}") = "OopBasics", "OopBasics\OopBasics.csproj", "{E0A859FF-F309-4191-AE03-E1DBAC4CFB2A}"
EndProject
Global
	GlobalSection(SolutionConfigurationPlatforms) = preSolution
		Debug|Any CPU = Debug|Any CPU
		Release|Any CPU = Release|Any CPU
	EndGlobalSection
	GlobalSection(ProjectConfigurationPlatforms) = postSolution
		{E0A859FF-F309-4191-AE03-E1DBAC4CFB2A}.Debug|Any CPU.ActiveCfg = Debug|Any CPU
		{E0A859FF-F309-4191-AE03-E1DBAC4CFB2A}.Debug|Any CPU.Build.0 = Debug|Any CPU
		{E0A859FF-F309-4191-AE03-E1DBAC4CFB2A}.Release|Any CPU.ActiveCfg = Release|Any CPU
		{E0A859FF-F309-4191-AE03-E1DBAC4CFB2A}.Release|Any CPU.Build.0 = Release|Any CPU
	EndGlobalSection
	GlobalSection(SolutionProperties) = preSolution
		HideSolutionNode = FALSE
	EndGlobalSection
	GlobalSection(ExtensibilityGlobals) = postSolution
		SolutionGuid = {125B8E3B-D5F2-4312-9239-1D88055CEB5B}
	EndGlobalSection
EndGlobal
