
Microsoft Visual Studio Solution File, Format Version 12.00
# Visual Studio Version 17
VisualStudioVersion = 17.14.36804.6 d17.14
MinimumVisualStudioVersion = 10.0.40219.1
Project("{FAE04EC0-301F-11D3-BF4B-00C04F79EFBC}") = "Pattern", "Pattern\Pattern.csproj", "{1C3619F7-AC98-497A-884C-F1F0605303FE}"
EndProject
Global
	GlobalSection(SolutionConfigurationPlatforms) = preSolution
		Debug|Any CPU = Debug|Any CPU
		Release|Any CPU = Release|Any CPU
	EndGlobalSection
	GlobalSection(ProjectConfigurationPlatforms) = postSolution
		{1C3619F7-AC98-497A-884C-F1F0605303FE}.Debug|Any CPU.ActiveCfg = Debug|Any CPU
		{1C3619F7-AC98-497A-884C-F1F0605303FE}.Debug|Any CPU.Build.0 = Debug|Any CPU
		{1C3619F7-AC98-497A-884C-F1F0605303FE}.Release|Any CPU.ActiveCfg = Release|Any CPU
		{1C3619F7-AC98-497A-884C-F1F0605303FE}.Release|Any CPU.Build.0 = Release|Any CPU
	EndGlobalSection
	GlobalSection(SolutionProperties) = preSolution
		HideSolutionNode = FALSE
	EndGlobalSection
	GlobalSection(ExtensibilityGlobals) = postSolution
		SolutionGuid = {0ADD66E5-9D65-4E8E-88A2-58F460B24538}
	EndGlobalSection
EndGlobal
